{
  "object": {
    "pins": [
      {
        "package": "Path.swift",
        "repositoryURL": "https://github.com/mxcl/Path.swift.git",
        "state": {
          "branch": "master",
          "revision": "6e99825d9fec1f4363f9e28cf91195eedcf6db95",
          "version": null
        }
      },
      {
        "package": "GL",
        "repositoryURL": "https://github.com/kelvin13/swift-opengl.git",
        "state": {
          "branch": "master",
          "revision": "aa8ed1bee08b87c5e200f7b42d12e491542b45dd",
          "version": null
        }
      },
      {
        "package": "ImGui",
        "repositoryURL": "https://github.com/ctreffs/SwiftImGui.git",
        "state": {
          "branch": null,
          "revision": "75367d843b95284e6de5b97d904cafb497d7e800",
          "version": "1.1.2"
        }
      },
      {
        "package": "XML",
        "repositoryURL": "https://github.com/kelvin13/swiftxml",
        "state": {
          "branch": "master",
          "revision": "91ae89c58e5a478191c27d44c31bd9bae281fefd",
          "version": null
        }
      }
    ]
  },
  "version": 1
}
